
Microsoft Visual Studio Solution File, Format Version 12.00
# Visual Studio Version 17
VisualStudioVersion = 17.0.31612.314
MinimumVisualStudioVersion = 10.0.40219.1
Project("{9A19103F-16F7-4668-BE54-9A1E7A4F7556}") = "HyperLogLog", "HyperLogLog\HyperLogLog.csproj", "{38A7E929-478C-40E5-829D-DFA3A7284317}"
EndProject
Project("{9A19103F-16F7-4668-BE54-9A1E7A4F7556}") = "HyperLogLog.Tests", "HyperLogLog.Tests\HyperLogLog.Tests.csproj", "{EB73C88D-05A8-4D32-A238-585AC6671DEF}"
EndProject
Project("{FAE04EC0-301F-11D3-BF4B-00C04F79EFBC}") = "HyperLogLog.BenchMark", "HyperLogLog.BenchMark\HyperLogLog.BenchMark.csproj", "{D1C82576-E4D8-4015-95EA-A051F24E44F8}"
EndProject
Global
	GlobalSection(SolutionConfigurationPlatforms) = preSolution
		Debug|Any CPU = Debug|Any CPU
		Debug|ARM = Debug|ARM
		Debug|x64 = Debug|x64
		Debug|x86 = Debug|x86
		Release|Any CPU = Release|Any CPU
		Release|ARM = Release|ARM
		Release|x64 = Release|x64
		Release|x86 = Release|x86
	EndGlobalSection
	GlobalSection(ProjectConfigurationPlatforms) = postSolution
		{38A7E929-478C-40E5-829D-DFA3A7284317}.Debug|Any CPU.ActiveCfg = Debug|Any CPU
		{38A7E929-478C-40E5-829D-DFA3A7284317}.Debug|Any CPU.Build.0 = Debug|Any CPU
		{38A7E929-478C-40E5-829D-DFA3A7284317}.Debug|ARM.ActiveCfg = Debug|Any CPU
		{38A7E929-478C-40E5-829D-DFA3A7284317}.Debug|ARM.Build.0 = Debug|Any CPU
		{38A7E929-478C-40E5-829D-DFA3A7284317}.Debug|x64.ActiveCfg = Debug|Any CPU
		{38A7E929-478C-40E5-829D-DFA3A7284317}.Debug|x64.Build.0 = Debug|Any CPU
		{38A7E929-478C-40E5-829D-DFA3A7284317}.Debug|x86.ActiveCfg = Debug|Any CPU
		{38A7E929-478C-40E5-829D-DFA3A7284317}.Debug|x86.Build.0 = Debug|Any CPU
		{38A7E929-478C-40E5-829D-DFA3A7284317}.Release|Any CPU.ActiveCfg = Release|Any CPU
		{38A7E929-478C-40E5-829D-DFA3A7284317}.Release|Any CPU.Build.0 = Release|Any CPU
		{38A7E929-478C-40E5-829D-DFA3A7284317}.Release|ARM.ActiveCfg = Release|Any CPU
		{38A7E929-478C-40E5-829D-DFA3A7284317}.Release|ARM.Build.0 = Release|Any CPU
		{38A7E929-478C-40E5-829D-DFA3A7284317}.Release|x64.ActiveCfg = Release|Any CPU
		{38A7E929-478C-40E5-829D-DFA3A7284317}.Release|x64.Build.0 = Release|Any CPU
		{38A7E929-478C-40E5-829D-DFA3A7284317}.Release|x86.ActiveCfg = Release|Any CPU
		{38A7E929-478C-40E5-829D-DFA3A7284317}.Release|x86.Build.0 = Release|Any CPU
		{EB73C88D-05A8-4D32-A238-585AC6671DEF}.Debug|Any CPU.ActiveCfg = Debug|Any CPU
		{EB73C88D-05A8-4D32-A238-585AC6671DEF}.Debug|Any CPU.Build.0 = Debug|Any CPU
		{EB73C88D-05A8-4D32-A238-585AC6671DEF}.Debug|ARM.ActiveCfg = Debug|Any CPU
		{EB73C88D-05A8-4D32-A238-585AC6671DEF}.Debug|ARM.Build.0 = Debug|Any CPU
		{EB73C88D-05A8-4D32-A238-585AC6671DEF}.Debug|x64.ActiveCfg = Debug|Any CPU
		{EB73C88D-05A8-4D32-A238-585AC6671DEF}.Debug|x64.Build.0 = Debug|Any CPU
		{EB73C88D-05A8-4D32-A238-585AC6671DEF}.Debug|x86.ActiveCfg = Debug|Any CPU
		{EB73C88D-05A8-4D32-A238-585AC6671DEF}.Debug|x86.Build.0 = Debug|Any CPU
		{EB73C88D-05A8-4D32-A238-585AC6671DEF}.Release|Any CPU.ActiveCfg = Release|Any CPU
		{EB73C88D-05A8-4D32-A238-585AC6671DEF}.Release|Any CPU.Build.0 = Release|Any CPU
		{EB73C88D-05A8-4D32-A238-585AC6671DEF}.Release|ARM.ActiveCfg = Release|Any CPU
		{EB73C88D-05A8-4D32-A238-585AC6671DEF}.Release|ARM.Build.0 = Release|Any CPU
		{EB73C88D-05A8-4D32-A238-585AC6671DEF}.Release|x64.ActiveCfg = Release|Any CPU
		{EB73C88D-05A8-4D32-A238-585AC6671DEF}.Release|x64.Build.0 = Release|Any CPU
		{EB73C88D-05A8-4D32-A238-585AC6671DEF}.Release|x86.ActiveCfg = Release|Any CPU
		{EB73C88D-05A8-4D32-A238-585AC6671DEF}.Release|x86.Build.0 = Release|Any CPU
		{D1C82576-E4D8-4015-95EA-A051F24E44F8}.Debug|Any CPU.ActiveCfg = Debug|Any CPU
		{D1C82576-E4D8-4015-95EA-A051F24E44F8}.Debug|Any CPU.Build.0 = Debug|Any CPU
		{D1C82576-E4D8-4015-95EA-A051F24E44F8}.Debug|ARM.ActiveCfg = Debug|Any CPU
		{D1C82576-E4D8-4015-95EA-A051F24E44F8}.Debug|ARM.Build.0 = Debug|Any CPU
		{D1C82576-E4D8-4015-95EA-A051F24E44F8}.Debug|x64.ActiveCfg = Debug|Any CPU
		{D1C82576-E4D8-4015-95EA-A051F24E44F8}.Debug|x64.Build.0 = Debug|Any CPU
		{D1C82576-E4D8-4015-95EA-A051F24E44F8}.Debug|x86.ActiveCfg = Debug|Any CPU
		{D1C82576-E4D8-4015-95EA-A051F24E44F8}.Debug|x86.Build.0 = Debug|Any CPU
		{D1C82576-E4D8-4015-95EA-A051F24E44F8}.Release|Any CPU.ActiveCfg = Release|Any CPU
		{D1C82576-E4D8-4015-95EA-A051F24E44F8}.Release|Any CPU.Build.0 = Release|Any CPU
		{D1C82576-E4D8-4015-95EA-A051F24E44F8}.Release|ARM.ActiveCfg = Release|Any CPU
		{D1C82576-E4D8-4015-95EA-A051F24E44F8}.Release|ARM.Build.0 = Release|Any CPU
		{D1C82576-E4D8-4015-95EA-A051F24E44F8}.Release|x64.ActiveCfg = Release|Any CPU
		{D1C82576-E4D8-4015-95EA-A051F24E44F8}.Release|x64.Build.0 = Release|Any CPU
		{D1C82576-E4D8-4015-95EA-A051F24E44F8}.Release|x86.ActiveCfg = Release|Any CPU
		{D1C82576-E4D8-4015-95EA-A051F24E44F8}.Release|x86.Build.0 = Release|Any CPU
	EndGlobalSection
	GlobalSection(SolutionProperties) = preSolution
		HideSolutionNode = FALSE
	EndGlobalSection
	GlobalSection(ExtensibilityGlobals) = postSolution
		SolutionGuid = {C3172518-42ED-4C56-8A1E-CB9B4AEF292B}
	EndGlobalSection
EndGlobal
